
Microsoft Visual Studio Solution File, Format Version 12.00
# Visual Studio 15
VisualStudioVersion = 15.0.26430.12
MinimumVisualStudioVersion = 10.0.40219.1
Project("{FAE04EC0-301F-11D3-BF4B-00C04F79EFBC}") = "AutoPrint", "AutoPrint\AutoPrint.csproj", "{666193B6-9B9E-497E-8B9E-651944A710C9}"
EndProject
Project("{FAE04EC0-301F-11D3-BF4B-00C04F79EFBC}") = "MySqlHelper", "MySqlHelper\MySqlHelper.csproj", "{3B90BE73-0B20-41F1-93EB-E04677C99F2A}"
EndProject
Global
	GlobalSection(SolutionConfigurationPlatforms) = preSolution
		Debug|Any CPU = Debug|Any CPU
		Release|Any CPU = Release|Any CPU
	EndGlobalSection
	GlobalSection(ProjectConfigurationPlatforms) = postSolution
		{666193B6-9B9E-497E-8B9E-651944A710C9}.Debug|Any CPU.ActiveCfg = Debug|Any CPU
		{666193B6-9B9E-497E-8B9E-651944A710C9}.Debug|Any CPU.Build.0 = Debug|Any CPU
		{666193B6-9B9E-497E-8B9E-651944A710C9}.Release|Any CPU.ActiveCfg = Release|Any CPU
		{666193B6-9B9E-497E-8B9E-651944A710C9}.Release|Any CPU.Build.0 = Release|Any CPU
		{3B90BE73-0B20-41F1-93EB-E04677C99F2A}.Debug|Any CPU.ActiveCfg = Debug|Any CPU
		{3B90BE73-0B20-41F1-93EB-E04677C99F2A}.Debug|Any CPU.Build.0 = Debug|Any CPU
		{3B90BE73-0B20-41F1-93EB-E04677C99F2A}.Release|Any CPU.ActiveCfg = Release|Any CPU
		{3B90BE73-0B20-41F1-93EB-E04677C99F2A}.Release|Any CPU.Build.0 = Release|Any CPU
	EndGlobalSection
	GlobalSection(SolutionProperties) = preSolution
		HideSolutionNode = FALSE
	EndGlobalSection
EndGlobal
